# THIS IS AN AUTOGENERATED FILE. DO NOT EDIT THIS FILE DIRECTLY.
# yarn lockfile v1


console-table-printer@^1.1.30:
  version "1.1.30"
  resolved "https://registry.yarnpkg.com/console-table-printer/-/console-table-printer-1.1.30.tgz#6b8fec0edd462bdf02b3d3c696b3f4d5384f9d0e"
  integrity sha512-gxaiqIXrExc6f6pL3y1aHbi8nAknqHngo1HmyeRj1S9/69LrBGYCV65NTweUgn8NqqwRtX5ua/mkPLuSpzBzuA==
